
Microsoft Visual Studio Solution File, Format Version 12.00
# Visual Studio Version 16
VisualStudioVersion = 16.0.30804.86
MinimumVisualStudioVersion = 10.0.40219.1
Project("{FAE04EC0-301F-11D3-BF4B-00C04F79EFBC}") = "MatrixTrace", "MatrixTrace.csproj", "{B7697556-8AC3-4CC4-BEB3-A52E51CC4B4F}"
EndProject
Project("{FAE04EC0-301F-11D3-BF4B-00C04F79EFBC}") = "MatrixTraceTests", "..\MatrixTraceTests\MatrixTraceTests.csproj", "{42A870CE-43F8-4BD1-B92E-BFC5F2E49DC2}"
EndProject
Global
	GlobalSection(SolutionConfigurationPlatforms) = preSolution
		Debug|Any CPU = Debug|Any CPU
		Release|Any CPU = Release|Any CPU
	EndGlobalSection
	GlobalSection(ProjectConfigurationPlatforms) = postSolution
		{B7697556-8AC3-4CC4-BEB3-A52E51CC4B4F}.Debug|Any CPU.ActiveCfg = Debug|Any CPU
		{B7697556-8AC3-4CC4-BEB3-A52E51CC4B4F}.Debug|Any CPU.Build.0 = Debug|Any CPU
		{B7697556-8AC3-4CC4-BEB3-A52E51CC4B4F}.Release|Any CPU.ActiveCfg = Release|Any CPU
		{B7697556-8AC3-4CC4-BEB3-A52E51CC4B4F}.Release|Any CPU.Build.0 = Release|Any CPU
		{42A870CE-43F8-4BD1-B92E-BFC5F2E49DC2}.Debug|Any CPU.ActiveCfg = Debug|Any CPU
		{42A870CE-43F8-4BD1-B92E-BFC5F2E49DC2}.Debug|Any CPU.Build.0 = Debug|Any CPU
		{42A870CE-43F8-4BD1-B92E-BFC5F2E49DC2}.Release|Any CPU.ActiveCfg = Release|Any CPU
		{42A870CE-43F8-4BD1-B92E-BFC5F2E49DC2}.Release|Any CPU.Build.0 = Release|Any CPU
	EndGlobalSection
	GlobalSection(SolutionProperties) = preSolution
		HideSolutionNode = FALSE
	EndGlobalSection
	GlobalSection(ExtensibilityGlobals) = postSolution
		SolutionGuid = {60CAFB5B-B80D-4729-85A9-BAA181091110}
	EndGlobalSection
EndGlobal
